
Microsoft Visual Studio Solution File, Format Version 12.00
# Visual Studio Version 17
VisualStudioVersion = 17.8.34330.188
MinimumVisualStudioVersion = 10.0.40219.1
Project("{FAE04EC0-301F-11D3-BF4B-00C04F79EFBC}") = "StokYönetimSistemi", "StokYönetimSistemi\StokYönetimSistemi.csproj", "{B630EB57-02BA-47C5-AF03-764789EECC1D}"
EndProject
Global
	GlobalSection(SolutionConfigurationPlatforms) = preSolution
		Debug|Any CPU = Debug|Any CPU
		Release|Any CPU = Release|Any CPU
	EndGlobalSection
	GlobalSection(ProjectConfigurationPlatforms) = postSolution
		{B630EB57-02BA-47C5-AF03-764789EECC1D}.Debug|Any CPU.ActiveCfg = Debug|Any CPU
		{B630EB57-02BA-47C5-AF03-764789EECC1D}.Debug|Any CPU.Build.0 = Debug|Any CPU
		{B630EB57-02BA-47C5-AF03-764789EECC1D}.Release|Any CPU.ActiveCfg = Release|Any CPU
		{B630EB57-02BA-47C5-AF03-764789EECC1D}.Release|Any CPU.Build.0 = Release|Any CPU
	EndGlobalSection
	GlobalSection(SolutionProperties) = preSolution
		HideSolutionNode = FALSE
	EndGlobalSection
	GlobalSection(ExtensibilityGlobals) = postSolution
		SolutionGuid = {17D4D3A2-9B79-43A9-BFFB-0D3E8BF88A5B}
	EndGlobalSection
EndGlobal
